{
  "version": "3",
  "packages": {
    "specifiers": {
      "npm:@tanstack/react-query": "npm:@tanstack/react-query@5.51.15_react@18.3.1",
      "npm:@types/classnames": "npm:@types/classnames@2.3.1",
      "npm:@types/lodash": "npm:@types/lodash@4.17.7",
      "npm:@types/node": "npm:@types/node@18.16.19",
      "npm:@types/react": "npm:@types/react@18.3.3",
      "npm:@types/react-dom": "npm:@types/react-dom@18.3.0",
      "npm:notistack": "npm:notistack@3.0.1_react@18.3.1_react-dom@18.3.1__react@18.3.1",
      "npm:octokit": "npm:octokit@4.0.2_@octokit+core@6.1.2",
      "npm:xstate": "npm:xstate@5.16.0"
    },
    "npm": {
      "@octokit/app@15.1.0_@octokit+core@6.1.2": {
        "integrity": "sha512-TkBr7QgOmE6ORxvIAhDbZsqPkF7RSqTY4pLTtUQCvr6dTXqvi2fFo46q3h1lxlk/sGMQjqyZ0kEahkD/NyzOHg==",
        "dependencies": {
          "@octokit/auth-app": "@octokit/auth-app@7.1.0",
          "@octokit/auth-unauthenticated": "@octokit/auth-unauthenticated@6.1.0",
          "@octokit/core": "@octokit/core@6.1.2",
          "@octokit/oauth-app": "@octokit/oauth-app@7.1.3",
          "@octokit/plugin-paginate-rest": "@octokit/plugin-paginate-rest@11.3.3_@octokit+core@6.1.2",
          "@octokit/types": "@octokit/types@13.5.0",
          "@octokit/webhooks": "@octokit/webhooks@13.3.0"
        }
      },
      "@octokit/auth-app@7.1.0": {
        "integrity": "sha512-cazGaJPSgeZ8NkVYeM/C5l/6IQ5vZnsI8p1aMucadCkt/bndI+q+VqwrlnWbASRmenjOkf1t1RpCKrif53U8gw==",
        "dependencies": {
          "@octokit/auth-oauth-app": "@octokit/auth-oauth-app@8.1.1",
          "@octokit/auth-oauth-user": "@octokit/auth-oauth-user@5.1.1",
          "@octokit/request": "@octokit/request@9.1.3",
          "@octokit/request-error": "@octokit/request-error@6.1.4",
          "@octokit/types": "@octokit/types@13.5.0",
          "lru-cache": "lru-cache@10.4.3",
          "universal-github-app-jwt": "universal-github-app-jwt@2.2.0",
          "universal-user-agent": "universal-user-agent@7.0.2"
        }
      },
      "@octokit/auth-oauth-app@8.1.1": {
        "integrity": "sha512-5UtmxXAvU2wfcHIPPDWzVSAWXVJzG3NWsxb7zCFplCWEmMCArSZV0UQu5jw5goLQXbFyOr5onzEH37UJB3zQQg==",
        "dependencies": {
          "@octokit/auth-oauth-device": "@octokit/auth-oauth-device@7.1.1",
          "@octokit/auth-oauth-user": "@octokit/auth-oauth-user@5.1.1",
          "@octokit/request": "@octokit/request@9.1.3",
          "@octokit/types": "@octokit/types@13.5.0",
          "universal-user-agent": "universal-user-agent@7.0.2"
        }
      },
      "@octokit/auth-oauth-device@7.1.1": {
        "integrity": "sha512-HWl8lYueHonuyjrKKIup/1tiy0xcmQCdq5ikvMO1YwkNNkxb6DXfrPjrMYItNLyCP/o2H87WuijuE+SlBTT8eg==",
        "dependencies": {
          "@octokit/oauth-methods": "@octokit/oauth-methods@5.1.2",
          "@octokit/request": "@octokit/request@9.1.3",
          "@octokit/types": "@octokit/types@13.5.0",
          "universal-user-agent": "universal-user-agent@7.0.2"
        }
      },
      "@octokit/auth-oauth-user@5.1.1": {
        "integrity": "sha512-rRkMz0ErOppdvEfnemHJXgZ9vTPhBuC6yASeFaB7I2yLMd7QpjfrL1mnvRPlyKo+M6eeLxrKanXJ9Qte29SRsw==",
        "dependencies": {
          "@octokit/auth-oauth-device": "@octokit/auth-oauth-device@7.1.1",
          "@octokit/oauth-methods": "@octokit/oauth-methods@5.1.2",
          "@octokit/request": "@octokit/request@9.1.3",
          "@octokit/types": "@octokit/types@13.5.0",
          "universal-user-agent": "universal-user-agent@7.0.2"
        }
      },
      "@octokit/auth-token@5.1.1": {
        "integrity": "sha512-rh3G3wDO8J9wSjfI436JUKzHIxq8NaiL0tVeB2aXmG6p/9859aUOAjA9pmSPNGGZxfwmaJ9ozOJImuNVJdpvbA==",
        "dependencies": {}
      },
      "@octokit/auth-unauthenticated@6.1.0": {
        "integrity": "sha512-zPSmfrUAcspZH/lOFQnVnvjQZsIvmfApQH6GzJrkIunDooU1Su2qt2FfMTSVPRp7WLTQyC20Kd55lF+mIYaohQ==",
        "dependencies": {
          "@octokit/request-error": "@octokit/request-error@6.1.4",
          "@octokit/types": "@octokit/types@13.5.0"
        }
      },
      "@octokit/core@6.1.2": {
        "integrity": "sha512-hEb7Ma4cGJGEUNOAVmyfdB/3WirWMg5hDuNFVejGEDFqupeOysLc2sG6HJxY2etBp5YQu5Wtxwi020jS9xlUwg==",
        "dependencies": {
          "@octokit/auth-token": "@octokit/auth-token@5.1.1",
          "@octokit/graphql": "@octokit/graphql@8.1.1",
          "@octokit/request": "@octokit/request@9.1.3",
          "@octokit/request-error": "@octokit/request-error@6.1.4",
          "@octokit/types": "@octokit/types@13.5.0",
          "before-after-hook": "before-after-hook@3.0.2",
          "universal-user-agent": "universal-user-agent@7.0.2"
        }
      },
      "@octokit/endpoint@10.1.1": {
        "integrity": "sha512-JYjh5rMOwXMJyUpj028cu0Gbp7qe/ihxfJMLc8VZBMMqSwLgOxDI1911gV4Enl1QSavAQNJcwmwBF9M0VvLh6Q==",
        "dependencies": {
          "@octokit/types": "@octokit/types@13.5.0",
          "universal-user-agent": "universal-user-agent@7.0.2"
        }
      },
      "@octokit/graphql@8.1.1": {
        "integrity": "sha512-ukiRmuHTi6ebQx/HFRCXKbDlOh/7xEV6QUXaE7MJEKGNAncGI/STSbOkl12qVXZrfZdpXctx5O9X1AIaebiDBg==",
        "dependencies": {
          "@octokit/request": "@octokit/request@9.1.3",
          "@octokit/types": "@octokit/types@13.5.0",
          "universal-user-agent": "universal-user-agent@7.0.2"
        }
      },
      "@octokit/oauth-app@7.1.3": {
        "integrity": "sha512-EHXbOpBkSGVVGF1W+NLMmsnSsJRkcrnVmDKt0TQYRBb6xWfWzoi9sBD4DIqZ8jGhOWO/V8t4fqFyJ4vDQDn9bg==",
        "dependencies": {
          "@octokit/auth-oauth-app": "@octokit/auth-oauth-app@8.1.1",
          "@octokit/auth-oauth-user": "@octokit/auth-oauth-user@5.1.1",
          "@octokit/auth-unauthenticated": "@octokit/auth-unauthenticated@6.1.0",
          "@octokit/core": "@octokit/core@6.1.2",
          "@octokit/oauth-authorization-url": "@octokit/oauth-authorization-url@7.1.1",
          "@octokit/oauth-methods": "@octokit/oauth-methods@5.1.2",
          "@types/aws-lambda": "@types/aws-lambda@8.10.142",
          "universal-user-agent": "universal-user-agent@7.0.2"
        }
      },
      "@octokit/oauth-authorization-url@7.1.1": {
        "integrity": "sha512-ooXV8GBSabSWyhLUowlMIVd9l1s2nsOGQdlP2SQ4LnkEsGXzeCvbSbCPdZThXhEFzleGPwbapT0Sb+YhXRyjCA==",
        "dependencies": {}
      },
      "@octokit/oauth-methods@5.1.2": {
        "integrity": "sha512-C5lglRD+sBlbrhCUTxgJAFjWgJlmTx5bQ7Ch0+2uqRjYv7Cfb5xpX4WuSC9UgQna3sqRGBL9EImX9PvTpMaQ7g==",
        "dependencies": {
          "@octokit/oauth-authorization-url": "@octokit/oauth-authorization-url@7.1.1",
          "@octokit/request": "@octokit/request@9.1.3",
          "@octokit/request-error": "@octokit/request-error@6.1.4",
          "@octokit/types": "@octokit/types@13.5.0"
        }
      },
      "@octokit/openapi-types@22.2.0": {
        "integrity": "sha512-QBhVjcUa9W7Wwhm6DBFu6ZZ+1/t/oYxqc2tp81Pi41YNuJinbFRx8B133qVOrAaBbF7D/m0Et6f9/pZt9Rc+tg==",
        "dependencies": {}
      },
      "@octokit/openapi-webhooks-types@8.3.0": {
        "integrity": "sha512-vKLsoR4xQxg4Z+6rU/F65ItTUz/EXbD+j/d4mlq2GW8TsA4Tc8Kdma2JTAAJ5hrKWUQzkR/Esn2fjsqiVRYaQg==",
        "dependencies": {}
      },
      "@octokit/plugin-paginate-graphql@5.2.2_@octokit+core@6.1.2": {
        "integrity": "sha512-7znSVvlNAOJisCqAnjN1FtEziweOHSjPGAuc5W58NeGNAr/ZB57yCsjQbXDlWsVryA7hHQaEQPcBbJYFawlkyg==",
        "dependencies": {
          "@octokit/core": "@octokit/core@6.1.2"
        }
      },
      "@octokit/plugin-paginate-rest@11.3.3_@octokit+core@6.1.2": {
        "integrity": "sha512-o4WRoOJZlKqEEgj+i9CpcmnByvtzoUYC6I8PD2SA95M+BJ2x8h7oLcVOg9qcowWXBOdcTRsMZiwvM3EyLm9AfA==",
        "dependencies": {
          "@octokit/core": "@octokit/core@6.1.2",
          "@octokit/types": "@octokit/types@13.5.0"
        }
      },
      "@octokit/plugin-rest-endpoint-methods@13.2.4_@octokit+core@6.1.2": {
        "integrity": "sha512-gusyAVgTrPiuXOdfqOySMDztQHv6928PQ3E4dqVGEtOvRXAKRbJR4b1zQyniIT9waqaWk/UDaoJ2dyPr7Bk7Iw==",
        "dependencies": {
          "@octokit/core": "@octokit/core@6.1.2",
          "@octokit/types": "@octokit/types@13.5.0"
        }
      },
      "@octokit/plugin-retry@7.1.1_@octokit+core@6.1.2": {
        "integrity": "sha512-G9Ue+x2odcb8E1XIPhaFBnTTIrrUDfXN05iFXiqhR+SeeeDMMILcAnysOsxUpEWcQp2e5Ft397FCXTcPkiPkLw==",
        "dependencies": {
          "@octokit/core": "@octokit/core@6.1.2",
          "@octokit/request-error": "@octokit/request-error@6.1.4",
          "@octokit/types": "@octokit/types@13.5.0",
          "bottleneck": "bottleneck@2.19.5"
        }
      },
      "@octokit/plugin-throttling@9.3.1_@octokit+core@6.1.2": {
        "integrity": "sha512-Qd91H4liUBhwLB2h6jZ99bsxoQdhgPk6TdwnClPyTBSDAdviGPceViEgUwj+pcQDmB/rfAXAXK7MTochpHM3yQ==",
        "dependencies": {
          "@octokit/core": "@octokit/core@6.1.2",
          "@octokit/types": "@octokit/types@13.5.0",
          "bottleneck": "bottleneck@2.19.5"
        }
      },
      "@octokit/request-error@6.1.4": {
        "integrity": "sha512-VpAhIUxwhWZQImo/dWAN/NpPqqojR6PSLgLYAituLM6U+ddx9hCioFGwBr5Mi+oi5CLeJkcAs3gJ0PYYzU6wUg==",
        "dependencies": {
          "@octokit/types": "@octokit/types@13.5.0"
        }
      },
      "@octokit/request@9.1.3": {
        "integrity": "sha512-V+TFhu5fdF3K58rs1pGUJIDH5RZLbZm5BI+MNF+6o/ssFNT4vWlCh/tVpF3NxGtP15HUxTTMUbsG5llAuU2CZA==",
        "dependencies": {
          "@octokit/endpoint": "@octokit/endpoint@10.1.1",
          "@octokit/request-error": "@octokit/request-error@6.1.4",
          "@octokit/types": "@octokit/types@13.5.0",
          "universal-user-agent": "universal-user-agent@7.0.2"
        }
      },
      "@octokit/types@13.5.0": {
        "integrity": "sha512-HdqWTf5Z3qwDVlzCrP8UJquMwunpDiMPt5er+QjGzL4hqr/vBVY/MauQgS1xWxCDT1oMx1EULyqxncdCY/NVSQ==",
        "dependencies": {
          "@octokit/openapi-types": "@octokit/openapi-types@22.2.0"
        }
      },
      "@octokit/webhooks-methods@5.1.0": {
        "integrity": "sha512-yFZa3UH11VIxYnnoOYCVoJ3q4ChuSOk2IVBBQ0O3xtKX4x9bmKb/1t+Mxixv2iUhzMdOl1qeWJqEhouXXzB3rQ==",
        "dependencies": {}
      },
      "@octokit/webhooks@13.3.0": {
        "integrity": "sha512-TUkJLtI163Bz5+JK0O+zDkQpn4gKwN+BovclUvCj6pI/6RXrFqQvUMRS2M+Rt8Rv0qR3wjoMoOPmpJKeOh0nBg==",
        "dependencies": {
          "@octokit/openapi-webhooks-types": "@octokit/openapi-webhooks-types@8.3.0",
          "@octokit/request-error": "@octokit/request-error@6.1.4",
          "@octokit/webhooks-methods": "@octokit/webhooks-methods@5.1.0"
        }
      },
      "@tanstack/query-core@5.51.15": {
        "integrity": "sha512-xyobHDJ0yhPE3+UkSQ2/4X1fLSg7ICJI5J1JyU9yf7F3deQfEwSImCDrB1WSRrauJkMtXW7YIEcC0oA6ZZWt5A==",
        "dependencies": {}
      },
      "@tanstack/react-query@5.51.15_react@18.3.1": {
        "integrity": "sha512-UgFg23SrdIYrmfTSxAUn9g+J64VQy11pb9/EefoY/u2+zWuNMeqEOnvpJhf52XQy0yztQoyM9p6x8PFyTNaxXg==",
        "dependencies": {
          "@tanstack/query-core": "@tanstack/query-core@5.51.15",
          "react": "react@18.3.1"
        }
      },
      "@types/aws-lambda@8.10.142": {
        "integrity": "sha512-wy2y/2hQKrS6myOS++koXg3N1Hg+LLyPjaggCFajczSHZPqBnOMuT2sdH3kiASrmdBYyM3pmjyz5SoWraRllCQ==",
        "dependencies": {}
      },
      "@types/classnames@2.3.1": {
        "integrity": "sha512-zeOWb0JGBoVmlQoznvqXbE0tEC/HONsnoUNH19Hc96NFsTAwTXbTqb8FMYkru1F/iqp7a18Ws3nWJvtA1sHD1A==",
        "dependencies": {
          "classnames": "classnames@2.5.1"
        }
      },
      "@types/lodash@4.17.7": {
        "integrity": "sha512-8wTvZawATi/lsmNu10/j2hk1KEP0IvjubqPE3cu1Xz7xfXXt5oCq3SNUz4fMIP4XGF9Ky+Ue2tBA3hcS7LSBlA==",
        "dependencies": {}
      },
      "@types/node@18.16.19": {
        "integrity": "sha512-IXl7o+R9iti9eBW4Wg2hx1xQDig183jj7YLn8F7udNceyfkbn1ZxmzZXuak20gR40D7pIkIY1kYGx5VIGbaHKA==",
        "dependencies": {}
      },
      "@types/prop-types@15.7.12": {
        "integrity": "sha512-5zvhXYtRNRluoE/jAp4GVsSduVUzNWKkOZrCDBWYtE7biZywwdC2AcEzg+cSMLFRfVgeAFqpfNabiPjxFddV1Q==",
        "dependencies": {}
      },
      "@types/react-dom@18.3.0": {
        "integrity": "sha512-EhwApuTmMBmXuFOikhQLIBUn6uFg81SwLMOAUgodJF14SOBOCMdU04gDoYi0WOJJHD144TL32z4yDqCW3dnkQg==",
        "dependencies": {
          "@types/react": "@types/react@18.3.3"
        }
      },
      "@types/react@18.3.3": {
        "integrity": "sha512-hti/R0pS0q1/xx+TsI73XIqk26eBsISZ2R0wUijXIngRK9R/e7Xw/cXVxQK7R5JjW+SV4zGcn5hXjudkN/pLIw==",
        "dependencies": {
          "@types/prop-types": "@types/prop-types@15.7.12",
          "csstype": "csstype@3.1.3"
        }
      },
      "before-after-hook@3.0.2": {
        "integrity": "sha512-Nik3Sc0ncrMK4UUdXQmAnRtzmNQTAAXmXIopizwZ1W1t8QmfJj+zL4OA2I7XPTPW5z5TDqv4hRo/JzouDJnX3A==",
        "dependencies": {}
      },
      "bottleneck@2.19.5": {
        "integrity": "sha512-VHiNCbI1lKdl44tGrhNfU3lup0Tj/ZBMJB5/2ZbNXRCPuRCO7ed2mgcK4r17y+KB2EfuYuRaVlwNbAeaWGSpbw==",
        "dependencies": {}
      },
      "classnames@2.5.1": {
        "integrity": "sha512-saHYOzhIQs6wy2sVxTM6bUDsQO4F50V9RQ22qBpEdCW+I+/Wmke2HOl6lS6dTpdxVhb88/I6+Hs+438c3lfUow==",
        "dependencies": {}
      },
      "clsx@1.2.1": {
        "integrity": "sha512-EcR6r5a8bj6pu3ycsa/E/cKVGuTgZJZdsyUYHOksG/UHIiKfjxzRxYJpyVBwYaQeOvghal9fcc4PidlgzugAQg==",
        "dependencies": {}
      },
      "csstype@3.1.3": {
        "integrity": "sha512-M1uQkMl8rQK/szD0LNhtqxIPLpimGm8sOBwU7lLnCpSbTyY3yeU1Vc7l4KT5zT4s/yOxHH5O7tIuuLOCnLADRw==",
        "dependencies": {}
      },
      "goober@2.1.14_csstype@3.1.3": {
        "integrity": "sha512-4UpC0NdGyAFqLNPnhCT2iHpza2q+RAY3GV85a/mRPdzyPQMsj0KmMMuetdIkzWRbJ+Hgau1EZztq8ImmiMGhsg==",
        "dependencies": {
          "csstype": "csstype@3.1.3"
        }
      },
      "js-tokens@4.0.0": {
        "integrity": "sha512-RdJUflcE3cUzKiMqQgsCu06FPu9UdIJO0beYbPhHN4k6apgJtifcoCtT9bcxOpYBtpD2kCM6Sbzg4CausW/PKQ==",
        "dependencies": {}
      },
      "loose-envify@1.4.0": {
        "integrity": "sha512-lyuxPGr/Wfhrlem2CL/UcnUc1zcqKAImBDzukY7Y5F/yQiNdko6+fRLevlw1HgMySw7f611UIY408EtxRSoK3Q==",
        "dependencies": {
          "js-tokens": "js-tokens@4.0.0"
        }
      },
      "lru-cache@10.4.3": {
        "integrity": "sha512-JNAzZcXrCt42VGLuYz0zfAzDfAvJWW6AfYlDBQyDV5DClI2m5sAmK+OIO7s59XfsRsWHp02jAJrRadPRGTt6SQ==",
        "dependencies": {}
      },
      "notistack@3.0.1_react@18.3.1_react-dom@18.3.1__react@18.3.1": {
        "integrity": "sha512-ntVZXXgSQH5WYfyU+3HfcXuKaapzAJ8fBLQ/G618rn3yvSzEbnOB8ZSOwhX+dAORy/lw+GC2N061JA0+gYWTVA==",
        "dependencies": {
          "clsx": "clsx@1.2.1",
          "goober": "goober@2.1.14_csstype@3.1.3",
          "react": "react@18.3.1",
          "react-dom": "react-dom@18.3.1_react@18.3.1"
        }
      },
      "octokit@4.0.2_@octokit+core@6.1.2": {
        "integrity": "sha512-wbqF4uc1YbcldtiBFfkSnquHtECEIpYD78YUXI6ri1Im5OO2NLo6ZVpRdbJpdnpZ05zMrVPssNiEo6JQtea+Qg==",
        "dependencies": {
          "@octokit/app": "@octokit/app@15.1.0_@octokit+core@6.1.2",
          "@octokit/core": "@octokit/core@6.1.2",
          "@octokit/oauth-app": "@octokit/oauth-app@7.1.3",
          "@octokit/plugin-paginate-graphql": "@octokit/plugin-paginate-graphql@5.2.2_@octokit+core@6.1.2",
          "@octokit/plugin-paginate-rest": "@octokit/plugin-paginate-rest@11.3.3_@octokit+core@6.1.2",
          "@octokit/plugin-rest-endpoint-methods": "@octokit/plugin-rest-endpoint-methods@13.2.4_@octokit+core@6.1.2",
          "@octokit/plugin-retry": "@octokit/plugin-retry@7.1.1_@octokit+core@6.1.2",
          "@octokit/plugin-throttling": "@octokit/plugin-throttling@9.3.1_@octokit+core@6.1.2",
          "@octokit/request-error": "@octokit/request-error@6.1.4",
          "@octokit/types": "@octokit/types@13.5.0"
        }
      },
      "react-dom@18.3.1_react@18.3.1": {
        "integrity": "sha512-5m4nQKp+rZRb09LNH59GM4BxTh9251/ylbKIbpe7TpGxfJ+9kv6BLkLBXIjjspbgbnIBNqlI23tRnTWT0snUIw==",
        "dependencies": {
          "loose-envify": "loose-envify@1.4.0",
          "react": "react@18.3.1",
          "scheduler": "scheduler@0.23.2"
        }
      },
      "react@18.3.1": {
        "integrity": "sha512-wS+hAgJShR0KhEvPJArfuPVN1+Hz1t0Y6n5jLrGQbkb4urgPE/0Rve+1kMB1v/oWgHgm4WIcV+i7F2pTVj+2iQ==",
        "dependencies": {
          "loose-envify": "loose-envify@1.4.0"
        }
      },
      "scheduler@0.23.2": {
        "integrity": "sha512-UOShsPwz7NrMUqhR6t0hWjFduvOzbtv7toDH1/hIrfRNIDBnnBWd0CwJTGvTpngVlmwGCdP9/Zl/tVrDqcuYzQ==",
        "dependencies": {
          "loose-envify": "loose-envify@1.4.0"
        }
      },
      "universal-github-app-jwt@2.2.0": {
        "integrity": "sha512-G5o6f95b5BggDGuUfKDApKaCgNYy2x7OdHY0zSMF081O0EJobw+1130VONhrA7ezGSV2FNOGyM+KQpQZAr9bIQ==",
        "dependencies": {}
      },
      "universal-user-agent@7.0.2": {
        "integrity": "sha512-0JCqzSKnStlRRQfCdowvqy3cy0Dvtlb8xecj/H8JFZuCze4rwjPZQOgvFvn0Ws/usCHQFGpyr+pB9adaGwXn4Q==",
        "dependencies": {}
      },
      "xstate@5.16.0": {
        "integrity": "sha512-qws7r2nsCsQ/Qgpn75+FYM84M88/nopGsxij/qYNSOyKJKO4n7x8B5isQKv6DMruyF4gGg7y4gsFDTzJUlKcWw==",
        "dependencies": {}
      }
    }
  },
  "redirects": {
    "https://esm.sh/i18next": "https://esm.sh/i18next@23.12.2",
    "https://esm.sh/i18next-browser-languagedetector": "https://esm.sh/i18next-browser-languagedetector@8.0.0",
    "https://esm.sh/lodash": "https://esm.sh/lodash@4.17.21",
    "https://esm.sh/lodash/fp": "https://esm.sh/lodash@4.17.21/fp",
    "https://esm.sh/lodash/fp/capitalize": "https://esm.sh/lodash@4.17.21/fp/capitalize",
    "https://esm.sh/lodash/kebabCase": "https://esm.sh/lodash@4.17.21/kebabCase",
    "https://esm.sh/lodash/startCase": "https://esm.sh/lodash@4.17.21/startCase",
    "https://esm.sh/octokit": "https://esm.sh/octokit@4.0.2",
    "https://esm.sh/react-i18next": "https://esm.sh/react-i18next@15.0.0",
    "https://esm.sh/react-icons/md": "https://esm.sh/react-icons@5.2.1/md",
    "https://esm.sh/rxjs": "https://esm.sh/rxjs@7.8.1",
    "https://esm.sh/v135/@types/lodash@4.17.7/index": "https://esm.sh/v135/@types/lodash@4.17.7/index~.d.ts",
    "https://esm.sh/v135/@types/lodash@~4.17/fp/capitalize~.d.ts": "https://esm.sh/v135/@types/lodash@4.17.7/fp/capitalize~.d.ts",
    "https://esm.sh/v135/@types/lodash@~4.17/fp~.d.ts": "https://esm.sh/v135/@types/lodash@4.17.7/fp~.d.ts",
    "https://esm.sh/v135/@types/lodash@~4.17/index.d.ts": "https://esm.sh/v135/@types/lodash@4.17.7/index.d.ts",
    "https://esm.sh/v135/@types/lodash@~4.17/kebabCase~.d.ts": "https://esm.sh/v135/@types/lodash@4.17.7/kebabCase~.d.ts",
    "https://esm.sh/v135/@types/lodash@~4.17/startCase~.d.ts": "https://esm.sh/v135/@types/lodash@4.17.7/startCase~.d.ts",
    "https://esm.sh/v135/i18next": "https://esm.sh/v135/i18next@23.12.2"
  },
  "remote": {
    "https://esm.sh/i18next-browser-languagedetector@8.0.0": "63bbe6a40a8bd317d6fb80045dcb2d38f81fe88d50ecdb2c4ad322ba2b01f64c",
    "https://esm.sh/i18next@23.12.2": "e233af65f01730b09d69654a83917832f128caf4ea1c30f27a63da4c3a804c0f",
    "https://esm.sh/lodash@4.17.21": "cf3544d5159a7648b25ad21fcf8dbf08a1fbfb1415b70b4163da646ef83eec4a",
    "https://esm.sh/lodash@4.17.21/fp": "90fdb9e2b87c1d4969ef38eebbfbb827b8d6d81d2ef6f2d3290623f044ca1bef",
    "https://esm.sh/lodash@4.17.21/fp/capitalize": "89a0c6c621ede68de355d2b5ad7968ba2f5ceb4f5e9f0c8adbef56e65d241f0d",
    "https://esm.sh/lodash@4.17.21/kebabCase": "96a29a90995f3a2fda0c8d8e7f54181df306709e04f376d29244bb4cc1ed6372",
    "https://esm.sh/lodash@4.17.21/startCase": "87777677fc334fac373c669600d587ed60c5421d225f100aa01c82a1c967967e",
    "https://esm.sh/octokit@4.0.2": "62b38bff6663e273c6fd6b2fac4eac95343aec045ee89c94b07db8ad9f71baba",
    "https://esm.sh/react-i18next@15.0.0": "eeac47d3e5ba2185961d8a8783680d8efca71c69d10de5595e94019a825af179",
    "https://esm.sh/react-icons@5.2.1/md": "7f6b6efd63b70ec3958137a3fe45ade34db3f2d7c2a6786c4bbc248308ad3b0e",
    "https://esm.sh/rxjs@7.8.1": "68e394db3f3b90054f22fe3f20c4d7359c989b282246a66ea0372d652912e244",
    "https://esm.sh/stable/react@18.3.1/denonext/react.mjs": "fc048ffc55366baf7669519127d186761db72046e2bebf35fe8d0de3964defa3",
    "https://esm.sh/v135/@octokit/app@15.0.1/denonext/app.mjs": "7b4084d12d8a2650ebd7c664380cd9e010ffb7d5d012a43444e3569a38737670",
    "https://esm.sh/v135/@octokit/auth-app@7.0.0/denonext/auth-app.mjs": "1bb4b60c13bf1d6ed10ccb5e14ae86cb5f65f92d20e118ee7649911ca46e636a",
    "https://esm.sh/v135/@octokit/auth-oauth-app@8.1.1/denonext/auth-oauth-app.mjs": "3053797c8f7c35a753fad67685d11b45bb57dc032a560d2f1fdc6c26f395c343",
    "https://esm.sh/v135/@octokit/auth-oauth-device@7.0.1/denonext/auth-oauth-device.mjs": "f8b5c89d9db21aa7510584f2182151ddee3aff137541a30bda6af062f6756291",
    "https://esm.sh/v135/@octokit/auth-oauth-device@7.1.1/denonext/auth-oauth-device.mjs": "e36853f66af1f6458c05b024d488d31fe68c0abc3e14289aba2a6dee334d826b",
    "https://esm.sh/v135/@octokit/auth-oauth-user@5.1.0/denonext/auth-oauth-user.mjs": "0d8c5f557f4cd800dcbda3199daafc5c32a624c8fdac58a4794ffee763559b6b",
    "https://esm.sh/v135/@octokit/auth-oauth-user@5.1.1/denonext/auth-oauth-user.mjs": "cdc1f3b62771f69ca140f6ec0e0e8f9c415f35bbaf7360e815ad3c030e974ad0",
    "https://esm.sh/v135/@octokit/auth-token@5.1.0/denonext/auth-token.mjs": "24c22015e586d621821b0acb1b5b82d32c95d1813d264ce8fa3f769ba8806e8c",
    "https://esm.sh/v135/@octokit/auth-unauthenticated@6.1.0/denonext/auth-unauthenticated.mjs": "db364a39d0ef09210c052d57e7b49a311e98e74477de1c223fb75e3d91168d6a",
    "https://esm.sh/v135/@octokit/core@6.1.2/denonext/core.mjs": "2629f0f304f0a8313644ed4ddedbf1c7fbce06e80aadc6f718f6a4b4f401f9d7",
    "https://esm.sh/v135/@octokit/endpoint@10.0.0/denonext/endpoint.mjs": "8d6f16f0b272fc7a20582637a3ffbd29c14f4bf629fafda05c33cf214b0dd716",
    "https://esm.sh/v135/@octokit/endpoint@10.1.0/denonext/endpoint.mjs": "cb307fd4d62518987144d31210f929e67d644c7bcad866cdfde547a528d48e12",
    "https://esm.sh/v135/@octokit/graphql@8.1.0/denonext/graphql.mjs": "a84701c7a52ca92d4b201f7502c3b048bfb3c0be9a131ed04bc736ccab160aba",
    "https://esm.sh/v135/@octokit/oauth-app@7.1.2/denonext/oauth-app.mjs": "f6bd50fbd48dbf0fe5569ef5c9c1168e448fc03b2c1393bbdcd3d35ae8c5a527",
    "https://esm.sh/v135/@octokit/oauth-authorization-url@7.1.0/denonext/oauth-authorization-url.mjs": "7039f7809ff3fc503c5d314ec8cf38e96b9dd303a504161a3f84d21c3a0f28b3",
    "https://esm.sh/v135/@octokit/oauth-methods@5.0.0/denonext/oauth-methods.mjs": "3f3acffcd60c6b4126a161f3d7e741d8e3049abb6f92e1b14a3456149f569dc4",
    "https://esm.sh/v135/@octokit/oauth-methods@5.1.0/denonext/oauth-methods.mjs": "98e336f868d5b229b9b729359076a49ddc075dca5dbb7b712bd2f6d9a9a22245",
    "https://esm.sh/v135/@octokit/plugin-paginate-graphql@5.2.2/denonext/plugin-paginate-graphql.mjs": "dd97a64df173c9e60f97547e8ecf2de6e1f31f95f4c8444ab0686d6f03405a99",
    "https://esm.sh/v135/@octokit/plugin-paginate-rest@11.3.0/denonext/plugin-paginate-rest.mjs": "df8d5c93e370b074d023d7f6e9a344fa53d22e0b5eeade142d0d3dbe07106dc3",
    "https://esm.sh/v135/@octokit/plugin-rest-endpoint-methods@13.2.1/denonext/plugin-rest-endpoint-methods.mjs": "5a8e7e70a718c3bea58caf80247b5f6f04260c21b30305320433a0226149aca7",
    "https://esm.sh/v135/@octokit/plugin-retry@7.1.1/denonext/plugin-retry.mjs": "5adb1aecd2f8c2933c7094982e6682bc566d65404d47566f917fb21afb987915",
    "https://esm.sh/v135/@octokit/plugin-throttling@9.3.0/denonext/plugin-throttling.mjs": "3656b36b508e2aab5ba35155ca2419433de4835b4882d9a4757a31771ef7a7e8",
    "https://esm.sh/v135/@octokit/request-error@6.0.2/denonext/request-error.mjs": "d25f73ba0f75f4ed9830caa96bffc7e36a73e51c0777caa8f436af3ede1cb116",
    "https://esm.sh/v135/@octokit/request-error@6.1.0/denonext/request-error.mjs": "271a5a47ff4c05bf414443880c68fcc4c75e4da7c0e2caab1a4998fe4b6961b3",
    "https://esm.sh/v135/@octokit/request-error@6.1.1/denonext/request-error.mjs": "defc383caa2ab78f4f13d0d4bdec0695d0631ee68b2e7c4c6527dbfcecf5a4e1",
    "https://esm.sh/v135/@octokit/request@9.0.1/denonext/request.mjs": "150c8b8f650bcb2567a3e30906871234b1f449cd3765af418d15e08767bea449",
    "https://esm.sh/v135/@octokit/request@9.1.0/denonext/request.mjs": "cc64353d55ef0f89428c9d752e57adad51e8dc7e03884f6086f8b953f781ae3e",
    "https://esm.sh/v135/@octokit/request@9.1.1/denonext/request.mjs": "244ea781a56043a408039581a4ccedd65a434c1311a21c1893cb546bfc2dd3d5",
    "https://esm.sh/v135/@octokit/webhooks-methods@5.1.0/denonext/webhooks-methods.mjs": "919b7b8fa563f73b622638845f78fb2fe7cda819980c8fb4247b75ad016c40c4",
    "https://esm.sh/v135/@octokit/webhooks@13.2.6/denonext/webhooks.mjs": "d9399dfe1955d21fcbd08e4c295425ac013a339729354ec5c126688534bfccc9",
    "https://esm.sh/v135/aggregate-error@5.0.0/denonext/aggregate-error.mjs": "900759836bccf4093f090df491ef30fae123064a9b894ad6ad93950f3b434b40",
    "https://esm.sh/v135/before-after-hook@3.0.2/denonext/before-after-hook.mjs": "cf2363bb9be543fadd912087b89d461082fd2ee66a9a3cc81fbeeea11aea8c32",
    "https://esm.sh/v135/bottleneck@2.19.5/denonext/light.js": "964cbaaa1bf999d34a2410023ae269f921c82c72009c707a1fd02fb6abad5b1d",
    "https://esm.sh/v135/clean-stack@5.2.0/denonext/clean-stack.mjs": "9f464fabd8ed985b76a8bf016f9cd42a65265853670c0b05b360fd81376809b1",
    "https://esm.sh/v135/escape-string-regexp@5.0.0/denonext/escape-string-regexp.mjs": "6080dd39c43a11f999a41172a27b8c58572d747d8276c039d93d4be8b21747a5",
    "https://esm.sh/v135/html-parse-stringify@3.0.1/denonext/html-parse-stringify.mjs": "e9db8fbf675c59fb93b7b4d32903fb558327d26061555c713e219c1182434e25",
    "https://esm.sh/v135/i18next-browser-languagedetector@8.0.0/denonext/i18next-browser-languagedetector.mjs": "7d3e74cf53080521fe01e186b6ccf31bf3e763a052cd5be4ccce90d88537eb0a",
    "https://esm.sh/v135/i18next@23.12.2": "e233af65f01730b09d69654a83917832f128caf4ea1c30f27a63da4c3a804c0f",
    "https://esm.sh/v135/i18next@23.12.2/denonext/i18next.mjs": "86f53d1d0a6097bec9bc125eaa526ab88ca536844dc97e0e8f1ceb371296ed16",
    "https://esm.sh/v135/indent-string@5.0.0/denonext/indent-string.mjs": "8daccc9d45d018c7da7f17c76cf1b4ffd61de4dd7c06537e5930ff9c3386e676",
    "https://esm.sh/v135/lodash@4.17.21/denonext/fp.js": "39df55598ef55ae77ceb55776a372f102565783f8d6e5e329030c4d332c11a5f",
    "https://esm.sh/v135/lodash@4.17.21/denonext/fp/capitalize.js": "3e560c87c4b8fd836a6fb548829730322da83786f34ff2fab6d27ab43faec85d",
    "https://esm.sh/v135/lodash@4.17.21/denonext/kebabCase.js": "dab012263b4e0922e3eafd9ef503d4ecd71d6a17c4a631a64c322dd14c498dbe",
    "https://esm.sh/v135/lodash@4.17.21/denonext/lodash.mjs": "f04a5db09228738fd8cd06b6d1eaf3463b1b639d1529cf11673c3ac7bda1b1a8",
    "https://esm.sh/v135/lodash@4.17.21/denonext/startCase.js": "d417601663acf67fd0a74b2527a576c1192151974ed290d49690a6b1bd62c155",
    "https://esm.sh/v135/lru-cache@10.2.2/denonext/lru-cache.mjs": "f7234fd467daefbdde676c26248bc381b91aa1d78274790f757ed2983e7793de",
    "https://esm.sh/v135/octokit@4.0.2/denonext/octokit.mjs": "7b615515660d3d1b3024e07e51ef0d5625c4a3f6de04b0e1756796d6fe5914c4",
    "https://esm.sh/v135/react-i18next@15.0.0/denonext/TransWithoutContext.js": "175d07c61189947844867f3dd214f6dc9017d6a55dd6ca3d002cdd8c3b437a25",
    "https://esm.sh/v135/react-i18next@15.0.0/denonext/initReactI18next.js": "b95574dade395837a834a8cd50beb66efd6a9ffff39eee54773ac2c3d277d020",
    "https://esm.sh/v135/react-i18next@15.0.0/denonext/react-i18next.mjs": "e38c31eeac36d4732174f19e741345d7fb83aa9bea839051ca8bc2b3a1c47b73",
    "https://esm.sh/v135/react-icons@5.2.1/denonext/lib.js": "628842070e15eea56440582cddc2b4245549584e81b02cef56bce3de2050c581",
    "https://esm.sh/v135/react-icons@5.2.1/denonext/md.js": "c6971eca2cb6c63439e3ae1f608942efbcdf6d5e33f8790224c2dbce2cf033f4",
    "https://esm.sh/v135/rxjs@7.8.1/denonext/rxjs.mjs": "5b7ef4f0e05f81c90bb2fdf37ac4c2c2f30680a8fe90aa6b716750dd901529ca",
    "https://esm.sh/v135/tslib@2.6.2/denonext/tslib.mjs": "29782bcd3139f77ec063dc5a9385c0fff4a8d0a23b6765c73d9edeb169a04bf1",
    "https://esm.sh/v135/universal-github-app-jwt@2.1.0/denonext/universal-github-app-jwt.mjs": "08710f74b4aad214153631556c583da5489523be1d341da1dc61d167deb08724",
    "https://esm.sh/v135/universal-user-agent@7.0.2/denonext/universal-user-agent.mjs": "c95431a8f6a7593e78b18ba137d1ae8fb8e2c7ebbcfc55c3d2cf1c9667ae8554",
    "https://esm.sh/v135/void-elements@3.1.0/denonext/void-elements.mjs": "4fc8446ac0b7bd182a532f5badf5565a005d0fc6b0732587b3f2e914121568f4"
  }
}
