{
  "name": "delulib",
  "lockfileVersion": 3,
  "requires": true,
  "packages": {
    "": {
      "name": "delulib",
      "devDependencies": {
        "@fostertheweb/spotify-web-api-ts-sdk": "^1.2.1",
        "youtubei.js": "^9.1.0"
      }
    },
    "node_modules/@fastify/busboy": {
      "version": "2.1.1",
      "resolved": "https://registry.npmjs.org/@fastify/busboy/-/busboy-2.1.1.tgz",
      "integrity": "sha512-vBZP4NlzfOlerQTnba4aqZoMhE/a9HY7HRqoOPaETQcSQuWEIyZMHGfVu6w9wGtGK5fED5qRs2DteVCjOH60sA==",
      "dev": true,
      "engines": {
        "node": ">=14"
      }
    },
    "node_modules/@fostertheweb/spotify-web-api-ts-sdk": {
      "version": "1.2.1",
      "resolved": "https://registry.npmjs.org/@fostertheweb/spotify-web-api-ts-sdk/-/spotify-web-api-ts-sdk-1.2.1.tgz",
      "integrity": "sha512-7gkNnttE3A8SB20DQUdAlpSLhg4J1gsYvOoFmpJJtNgY5IXU62Q+3cgDje+YXoNfQ7dXHHHO3DSNgbK5n6YAWQ==",
      "dev": true
    },
    "node_modules/acorn": {
      "version": "8.11.3",
      "resolved": "https://registry.npmjs.org/acorn/-/acorn-8.11.3.tgz",
      "integrity": "sha512-Y9rRfJG5jcKOE0CLisYbojUjIrIEE7AGMzA/Sm4BslANhbS+cDMpgBdcPT91oJ7OuJ9hYJBx59RjbhxVnrF8Xg==",
      "dev": true,
      "bin": {
        "acorn": "bin/acorn"
      },
      "engines": {
        "node": ">=0.4.0"
      }
    },
    "node_modules/jintr": {
      "version": "1.1.0",
      "resolved": "https://registry.npmjs.org/jintr/-/jintr-1.1.0.tgz",
      "integrity": "sha512-Tu9wk3BpN2v+kb8yT6YBtue+/nbjeLFv4vvVC4PJ7oCidHKbifWhvORrAbQfxVIQZG+67am/mDagpiGSVtvrZg==",
      "dev": true,
      "funding": [
        "https://github.com/sponsors/LuanRT"
      ],
      "dependencies": {
        "acorn": "^8.8.0"
      }
    },
    "node_modules/tslib": {
      "version": "2.6.2",
      "resolved": "https://registry.npmjs.org/tslib/-/tslib-2.6.2.tgz",
      "integrity": "sha512-AEYxH93jGFPn/a2iVAwW87VuUIkR1FVUKB77NwMF7nBTDkDrrT/Hpt/IrCJ0QXhW27jTBDcf5ZY7w6RiqTMw2Q==",
      "dev": true
    },
    "node_modules/undici": {
      "version": "5.28.4",
      "resolved": "https://registry.npmjs.org/undici/-/undici-5.28.4.tgz",
      "integrity": "sha512-72RFADWFqKmUb2hmmvNODKL3p9hcB6Gt2DOQMis1SEBaV6a4MH8soBvzg+95CYhCKPFedut2JY9bMfrDl9D23g==",
      "dev": true,
      "dependencies": {
        "@fastify/busboy": "^2.0.0"
      },
      "engines": {
        "node": ">=14.0"
      }
    },
    "node_modules/youtubei.js": {
      "version": "9.4.0",
      "resolved": "https://registry.npmjs.org/youtubei.js/-/youtubei.js-9.4.0.tgz",
      "integrity": "sha512-8plCOZD2WabqWSEgZU3RjzigIIeR7sF028EERJENYrC9xO/6awpLMZfeoE1gNrNEbKcA+bzbMvonqlvBdxGdKg==",
      "dev": true,
      "funding": [
        "https://github.com/sponsors/LuanRT"
      ],
      "dependencies": {
        "jintr": "^1.1.0",
        "tslib": "^2.5.0",
        "undici": "^5.19.1"
      }
    }
  }
}
